{
  "name": "model-value",
  "version": "0.1.2",
  "lockfileVersion": 3,
  "requires": true,
  "packages": {
    "": {
      "name": "model-value",
      "version": "0.1.2",
      "license": "MIT",
      "dependencies": {
        "model-frontier": "0.2.0"
      },
      "bin": {
        "model-value": "bin/cli.js"
      },
      "engines": {
        "node": ">=22.19.0"
      }
    },
    "node_modules/model-frontier": {
      "version": "0.2.0",
      "resolved": "https://registry.npmjs.org/model-frontier/-/model-frontier-0.2.0.tgz",
      "integrity": "sha512-i+fkBzUEcXZrSY8eTJM42UsyMN5wuEODJy3RWrnnywaF+g9iM9myctYnJNoPDHOPkTXf+2wyPfJ2pUUvIqmyNA==",
      "license": "MIT",
      "bin": {
        "model-frontier": "bin/cli.js"
      },
      "engines": {
        "node": ">=22.19.0"
      }
    }
  }
}
